
Microsoft Visual Studio Solution File, Format Version 12.00
# Visual Studio Version 17
VisualStudioVersion = 17.0.32126.317
MinimumVisualStudioVersion = 10.0.40219.1
Project("{FAE04EC0-301F-11D3-BF4B-00C04F79EFBC}") = "SevenRedLibrary", "SevenRedLibrary\SevenRedLibrary.csproj", "{252BB176-B7DF-476E-B8F1-90A4D9462832}"
EndProject
Project("{FAE04EC0-301F-11D3-BF4B-00C04F79EFBC}") = "SevenRed", "SevenRed\SevenRed.csproj", "{2C849DAE-2296-4AFC-AF82-868E66CDC272}"
EndProject
Project("{FAE04EC0-301F-11D3-BF4B-00C04F79EFBC}") = "UnitTestForSevenRed", "UnitTestForSevenRed\UnitTestForSevenRed.csproj", "{9B2BE4E5-02D4-4612-8CEF-A6729DDC46EC}"
EndProject
Global
	GlobalSection(SolutionConfigurationPlatforms) = preSolution
		Debug|Any CPU = Debug|Any CPU
		Release|Any CPU = Release|Any CPU
	EndGlobalSection
	GlobalSection(ProjectConfigurationPlatforms) = postSolution
		{252BB176-B7DF-476E-B8F1-90A4D9462832}.Debug|Any CPU.ActiveCfg = Debug|Any CPU
		{252BB176-B7DF-476E-B8F1-90A4D9462832}.Debug|Any CPU.Build.0 = Debug|Any CPU
		{252BB176-B7DF-476E-B8F1-90A4D9462832}.Release|Any CPU.ActiveCfg = Release|Any CPU
		{252BB176-B7DF-476E-B8F1-90A4D9462832}.Release|Any CPU.Build.0 = Release|Any CPU
		{2C849DAE-2296-4AFC-AF82-868E66CDC272}.Debug|Any CPU.ActiveCfg = Debug|Any CPU
		{2C849DAE-2296-4AFC-AF82-868E66CDC272}.Debug|Any CPU.Build.0 = Debug|Any CPU
		{2C849DAE-2296-4AFC-AF82-868E66CDC272}.Release|Any CPU.ActiveCfg = Release|Any CPU
		{2C849DAE-2296-4AFC-AF82-868E66CDC272}.Release|Any CPU.Build.0 = Release|Any CPU
		{9B2BE4E5-02D4-4612-8CEF-A6729DDC46EC}.Debug|Any CPU.ActiveCfg = Debug|Any CPU
		{9B2BE4E5-02D4-4612-8CEF-A6729DDC46EC}.Debug|Any CPU.Build.0 = Debug|Any CPU
		{9B2BE4E5-02D4-4612-8CEF-A6729DDC46EC}.Release|Any CPU.ActiveCfg = Release|Any CPU
		{9B2BE4E5-02D4-4612-8CEF-A6729DDC46EC}.Release|Any CPU.Build.0 = Release|Any CPU
	EndGlobalSection
	GlobalSection(SolutionProperties) = preSolution
		HideSolutionNode = FALSE
	EndGlobalSection
	GlobalSection(ExtensibilityGlobals) = postSolution
		SolutionGuid = {6820754A-CB2D-4BA3-B9E7-A113541DD415}
	EndGlobalSection
EndGlobal
